// !$*UTF8*$!
{
	archiveVersion = 1;
	classes = {
	};
	objectVersion = 56;
	objects = {

/* Begin PBXBuildFile section */
		9EC103D02AFAA0990045FAD6 /* AppDelegate.swift in Sources */ = {isa = PBXBuildFile; fileRef = 9EC103CF2AFAA0990045FAD6 /* AppDelegate.swift */; };
		9EC103D22AFAA0990045FAD6 /* SceneDelegate.swift in Sources */ = {isa = PBXBuildFile; fileRef = 9EC103D12AFAA0990045FAD6 /* SceneDelegate.swift */; };
		9EC103D92AFAA09A0045FAD6 /* Assets.xcassets in Resources */ = {isa = PBXBuildFile; fileRef = 9EC103D82AFAA09A0045FAD6 /* Assets.xcassets */; };
		9EC103DC2AFAA09A0045FAD6 /* LaunchScreen.storyboard in Resources */ = {isa = PBXBuildFile; fileRef = 9EC103DA2AFAA09A0045FAD6 /* LaunchScreen.storyboard */; };
		9EC103E72AFAA09A0045FAD6 /* TutorialTests.swift in Sources */ = {isa = PBXBuildFile; fileRef = 9EC103E62AFAA09A0045FAD6 /* TutorialTests.swift */; };
		9EC103F12AFAA09A0045FAD6 /* TutorialUITests.swift in Sources */ = {isa = PBXBuildFile; fileRef = 9EC103F02AFAA09A0045FAD6 /* TutorialUITests.swift */; };
		9EC103F32AFAA09A0045FAD6 /* TutorialUITestsLaunchTests.swift in Sources */ = {isa = PBXBuildFile; fileRef = 9EC103F22AFAA09A0045FAD6 /* TutorialUITestsLaunchTests.swift */; };
		9EC104012AFAA0C50045FAD6 /* RIBs in Frameworks */ = {isa = PBXBuildFile; productRef = 9EC104002AFAA0C50045FAD6 /* RIBs */; };
		9EC104042AFAA0D10045FAD6 /* SnapKit in Frameworks */ = {isa = PBXBuildFile; productRef = 9EC104032AFAA0D10045FAD6 /* SnapKit */; };
		9EC1040C2AFAA1400045FAD6 /* RootRouter.swift in Sources */ = {isa = PBXBuildFile; fileRef = 9EC104082AFAA1400045FAD6 /* RootRouter.swift */; };
		9EC1040D2AFAA1400045FAD6 /* RootViewController.swift in Sources */ = {isa = PBXBuildFile; fileRef = 9EC104092AFAA1400045FAD6 /* RootViewController.swift */; };
		9EC1040E2AFAA1400045FAD6 /* RootBuilder.swift in Sources */ = {isa = PBXBuildFile; fileRef = 9EC1040A2AFAA1400045FAD6 /* RootBuilder.swift */; };
		9EC1040F2AFAA1400045FAD6 /* RootInteractor.swift in Sources */ = {isa = PBXBuildFile; fileRef = 9EC1040B2AFAA1400045FAD6 /* RootInteractor.swift */; };
		9EC104152AFAA15C0045FAD6 /* LoggedOutRouter.swift in Sources */ = {isa = PBXBuildFile; fileRef = 9EC104112AFAA15C0045FAD6 /* LoggedOutRouter.swift */; };
		9EC104162AFAA15C0045FAD6 /* LoggedOutViewController.swift in Sources */ = {isa = PBXBuildFile; fileRef = 9EC104122AFAA15C0045FAD6 /* LoggedOutViewController.swift */; };
		9EC104172AFAA15C0045FAD6 /* LoggedOutBuilder.swift in Sources */ = {isa = PBXBuildFile; fileRef = 9EC104132AFAA15C0045FAD6 /* LoggedOutBuilder.swift */; };
		9EC104182AFAA15C0045FAD6 /* LoggedOutInteractor.swift in Sources */ = {isa = PBXBuildFile; fileRef = 9EC104142AFAA15C0045FAD6 /* LoggedOutInteractor.swift */; };
		9EC1041A2AFAA2F90045FAD6 /* RootComponent+LoggedOut.swift in Sources */ = {isa = PBXBuildFile; fileRef = 9EC104192AFAA2F90045FAD6 /* RootComponent+LoggedOut.swift */; };
		9EC1041C2AFAA37A0045FAD6 /* AppComponent.swift in Sources */ = {isa = PBXBuildFile; fileRef = 9EC1041B2AFAA37A0045FAD6 /* AppComponent.swift */; };
		9EC104212AFB05710045FAD6 /* LoggedInRouter.swift in Sources */ = {isa = PBXBuildFile; fileRef = 9EC1041E2AFB05710045FAD6 /* LoggedInRouter.swift */; };
		9EC104222AFB05710045FAD6 /* LoggedInBuilder.swift in Sources */ = {isa = PBXBuildFile; fileRef = 9EC1041F2AFB05710045FAD6 /* LoggedInBuilder.swift */; };
		9EC104232AFB05710045FAD6 /* LoggedInInteractor.swift in Sources */ = {isa = PBXBuildFile; fileRef = 9EC104202AFB05710045FAD6 /* LoggedInInteractor.swift */; };
		9EC104252AFB05D60045FAD6 /* RootComponent+LoggedIn.swift in Sources */ = {isa = PBXBuildFile; fileRef = 9EC104242AFB05D60045FAD6 /* RootComponent+LoggedIn.swift */; };
/* End PBXBuildFile section */

/* Begin PBXContainerItemProxy section */
		9EC103E32AFAA09A0045FAD6 /* PBXContainerItemProxy */ = {
			isa = PBXContainerItemProxy;
			containerPortal = 9EC103C42AFAA0990045FAD6 /* Project object */;
			proxyType = 1;
			remoteGlobalIDString = 9EC103CB2AFAA0990045FAD6;
			remoteInfo = Tutorial;
		};
		9EC103ED2AFAA09A0045FAD6 /* PBXContainerItemProxy */ = {
			isa = PBXContainerItemProxy;
			containerPortal = 9EC103C42AFAA0990045FAD6 /* Project object */;
			proxyType = 1;
			remoteGlobalIDString = 9EC103CB2AFAA0990045FAD6;
			remoteInfo = Tutorial;
		};
/* End PBXContainerItemProxy section */

/* Begin PBXFileReference section */
		9EC103CC2AFAA0990045FAD6 /* Tutorial.app */ = {isa = PBXFileReference; explicitFileType = wrapper.application; includeInIndex = 0; path = Tutorial.app; sourceTree = BUILT_PRODUCTS_DIR; };
		9EC103CF2AFAA0990045FAD6 /* AppDelegate.swift */ = {isa = PBXFileReference; lastKnownFileType = sourcecode.swift; path = AppDelegate.swift; sourceTree = "<group>"; };
		9EC103D12AFAA0990045FAD6 /* SceneDelegate.swift */ = {isa = PBXFileReference; lastKnownFileType = sourcecode.swift; path = SceneDelegate.swift; sourceTree = "<group>"; };
		9EC103D82AFAA09A0045FAD6 /* Assets.xcassets */ = {isa = PBXFileReference; lastKnownFileType = folder.assetcatalog; path = Assets.xcassets; sourceTree = "<group>"; };
		9EC103DB2AFAA09A0045FAD6 /* Base */ = {isa = PBXFileReference; lastKnownFileType = file.storyboard; name = Base; path = Base.lproj/LaunchScreen.storyboard; sourceTree = "<group>"; };
		9EC103DD2AFAA09A0045FAD6 /* Info.plist */ = {isa = PBXFileReference; lastKnownFileType = text.plist.xml; path = Info.plist; sourceTree = "<group>"; };
		9EC103E22AFAA09A0045FAD6 /* TutorialTests.xctest */ = {isa = PBXFileReference; explicitFileType = wrapper.cfbundle; includeInIndex = 0; path = TutorialTests.xctest; sourceTree = BUILT_PRODUCTS_DIR; };
		9EC103E62AFAA09A0045FAD6 /* TutorialTests.swift */ = {isa = PBXFileReference; lastKnownFileType = sourcecode.swift; path = TutorialTests.swift; sourceTree = "<group>"; };
		9EC103EC2AFAA09A0045FAD6 /* TutorialUITests.xctest */ = {isa = PBXFileReference; explicitFileType = wrapper.cfbundle; includeInIndex = 0; path = TutorialUITests.xctest; sourceTree = BUILT_PRODUCTS_DIR; };
		9EC103F02AFAA09A0045FAD6 /* TutorialUITests.swift */ = {isa = PBXFileReference; lastKnownFileType = sourcecode.swift; path = TutorialUITests.swift; sourceTree = "<group>"; };
		9EC103F22AFAA09A0045FAD6 /* TutorialUITestsLaunchTests.swift */ = {isa = PBXFileReference; lastKnownFileType = sourcecode.swift; path = TutorialUITestsLaunchTests.swift; sourceTree = "<group>"; };
		9EC104082AFAA1400045FAD6 /* RootRouter.swift */ = {isa = PBXFileReference; lastKnownFileType = sourcecode.swift; path = RootRouter.swift; sourceTree = "<group>"; };
		9EC104092AFAA1400045FAD6 /* RootViewController.swift */ = {isa = PBXFileReference; lastKnownFileType = sourcecode.swift; path = RootViewController.swift; sourceTree = "<group>"; };
		9EC1040A2AFAA1400045FAD6 /* RootBuilder.swift */ = {isa = PBXFileReference; lastKnownFileType = sourcecode.swift; path = RootBuilder.swift; sourceTree = "<group>"; };
		9EC1040B2AFAA1400045FAD6 /* RootInteractor.swift */ = {isa = PBXFileReference; lastKnownFileType = sourcecode.swift; path = RootInteractor.swift; sourceTree = "<group>"; };
		9EC104112AFAA15C0045FAD6 /* LoggedOutRouter.swift */ = {isa = PBXFileReference; lastKnownFileType = sourcecode.swift; path = LoggedOutRouter.swift; sourceTree = "<group>"; };
		9EC104122AFAA15C0045FAD6 /* LoggedOutViewController.swift */ = {isa = PBXFileReference; lastKnownFileType = sourcecode.swift; path = LoggedOutViewController.swift; sourceTree = "<group>"; };
		9EC104132AFAA15C0045FAD6 /* LoggedOutBuilder.swift */ = {isa = PBXFileReference; lastKnownFileType = sourcecode.swift; path = LoggedOutBuilder.swift; sourceTree = "<group>"; };
		9EC104142AFAA15C0045FAD6 /* LoggedOutInteractor.swift */ = {isa = PBXFileReference; lastKnownFileType = sourcecode.swift; path = LoggedOutInteractor.swift; sourceTree = "<group>"; };
		9EC104192AFAA2F90045FAD6 /* RootComponent+LoggedOut.swift */ = {isa = PBXFileReference; lastKnownFileType = sourcecode.swift; path = "RootComponent+LoggedOut.swift"; sourceTree = "<group>"; };
		9EC1041B2AFAA37A0045FAD6 /* AppComponent.swift */ = {isa = PBXFileReference; lastKnownFileType = sourcecode.swift; path = AppComponent.swift; sourceTree = "<group>"; };
		9EC1041E2AFB05710045FAD6 /* LoggedInRouter.swift */ = {isa = PBXFileReference; lastKnownFileType = sourcecode.swift; path = LoggedInRouter.swift; sourceTree = "<group>"; };
		9EC1041F2AFB05710045FAD6 /* LoggedInBuilder.swift */ = {isa = PBXFileReference; lastKnownFileType = sourcecode.swift; path = LoggedInBuilder.swift; sourceTree = "<group>"; };
		9EC104202AFB05710045FAD6 /* LoggedInInteractor.swift */ = {isa = PBXFileReference; lastKnownFileType = sourcecode.swift; path = LoggedInInteractor.swift; sourceTree = "<group>"; };
		9EC104242AFB05D60045FAD6 /* RootComponent+LoggedIn.swift */ = {isa = PBXFileReference; lastKnownFileType = sourcecode.swift; path = "RootComponent+LoggedIn.swift"; sourceTree = "<group>"; };
/* End PBXFileReference section */

/* Begin PBXFrameworksBuildPhase section */
		9EC103C92AFAA0990045FAD6 /* Frameworks */ = {
			isa = PBXFrameworksBuildPhase;
			buildActionMask = 2147483647;
			files = (
				9EC104012AFAA0C50045FAD6 /* RIBs in Frameworks */,
				9EC104042AFAA0D10045FAD6 /* SnapKit in Frameworks */,
			);
			runOnlyForDeploymentPostprocessing = 0;
		};
		9EC103DF2AFAA09A0045FAD6 /* Frameworks */ = {
			isa = PBXFrameworksBuildPhase;
			buildActionMask = 2147483647;
			files = (
			);
			runOnlyForDeploymentPostprocessing = 0;
		};
		9EC103E92AFAA09A0045FAD6 /* Frameworks */ = {
			isa = PBXFrameworksBuildPhase;
			buildActionMask = 2147483647;
			files = (
			);
			runOnlyForDeploymentPostprocessing = 0;
		};
/* End PBXFrameworksBuildPhase section */

/* Begin PBXGroup section */
		9EC103C32AFAA0990045FAD6 = {
			isa = PBXGroup;
			children = (
				9EC103CE2AFAA0990045FAD6 /* Tutorial */,
				9EC103E52AFAA09A0045FAD6 /* TutorialTests */,
				9EC103EF2AFAA09A0045FAD6 /* TutorialUITests */,
				9EC103CD2AFAA0990045FAD6 /* Products */,
			);
			sourceTree = "<group>";
		};
		9EC103CD2AFAA0990045FAD6 /* Products */ = {
			isa = PBXGroup;
			children = (
				9EC103CC2AFAA0990045FAD6 /* Tutorial.app */,
				9EC103E22AFAA09A0045FAD6 /* TutorialTests.xctest */,
				9EC103EC2AFAA09A0045FAD6 /* TutorialUITests.xctest */,
			);
			name = Products;
			sourceTree = "<group>";
		};
		9EC103CE2AFAA0990045FAD6 /* Tutorial */ = {
			isa = PBXGroup;
			children = (
				9EC1041D2AFB055E0045FAD6 /* LoggedIn */,
				9EC104102AFAA14A0045FAD6 /* LoggedOut */,
				9EC104072AFAA1330045FAD6 /* Root */,
				9EC104062AFAA0DF0045FAD6 /* AppStart */,
				9EC104052AFAA0D50045FAD6 /* Resource */,
				9EC103DD2AFAA09A0045FAD6 /* Info.plist */,
			);
			path = Tutorial;
			sourceTree = "<group>";
		};
		9EC103E52AFAA09A0045FAD6 /* TutorialTests */ = {
			isa = PBXGroup;
			children = (
				9EC103E62AFAA09A0045FAD6 /* TutorialTests.swift */,
			);
			path = TutorialTests;
			sourceTree = "<group>";
		};
		9EC103EF2AFAA09A0045FAD6 /* TutorialUITests */ = {
			isa = PBXGroup;
			children = (
				9EC103F02AFAA09A0045FAD6 /* TutorialUITests.swift */,
				9EC103F22AFAA09A0045FAD6 /* TutorialUITestsLaunchTests.swift */,
			);
			path = TutorialUITests;
			sourceTree = "<group>";
		};
		9EC104052AFAA0D50045FAD6 /* Resource */ = {
			isa = PBXGroup;
			children = (
				9EC103D82AFAA09A0045FAD6 /* Assets.xcassets */,
				9EC103DA2AFAA09A0045FAD6 /* LaunchScreen.storyboard */,
			);
			path = Resource;
			sourceTree = "<group>";
		};
		9EC104062AFAA0DF0045FAD6 /* AppStart */ = {
			isa = PBXGroup;
			children = (
				9EC103CF2AFAA0990045FAD6 /* AppDelegate.swift */,
				9EC103D12AFAA0990045FAD6 /* SceneDelegate.swift */,
				9EC1041B2AFAA37A0045FAD6 /* AppComponent.swift */,
			);
			path = AppStart;
			sourceTree = "<group>";
		};
		9EC104072AFAA1330045FAD6 /* Root */ = {
			isa = PBXGroup;
			children = (
				9EC104082AFAA1400045FAD6 /* RootRouter.swift */,
				9EC104092AFAA1400045FAD6 /* RootViewController.swift */,
				9EC1040A2AFAA1400045FAD6 /* RootBuilder.swift */,
				9EC1040B2AFAA1400045FAD6 /* RootInteractor.swift */,
				9EC104192AFAA2F90045FAD6 /* RootComponent+LoggedOut.swift */,
				9EC104242AFB05D60045FAD6 /* RootComponent+LoggedIn.swift */,
			);
			path = Root;
			sourceTree = "<group>";
		};
		9EC104102AFAA14A0045FAD6 /* LoggedOut */ = {
			isa = PBXGroup;
			children = (
				9EC104112AFAA15C0045FAD6 /* LoggedOutRouter.swift */,
				9EC104122AFAA15C0045FAD6 /* LoggedOutViewController.swift */,
				9EC104132AFAA15C0045FAD6 /* LoggedOutBuilder.swift */,
				9EC104142AFAA15C0045FAD6 /* LoggedOutInteractor.swift */,
			);
			path = LoggedOut;
			sourceTree = "<group>";
		};
		9EC1041D2AFB055E0045FAD6 /* LoggedIn */ = {
			isa = PBXGroup;
			children = (
				9EC1041E2AFB05710045FAD6 /* LoggedInRouter.swift */,
				9EC1041F2AFB05710045FAD6 /* LoggedInBuilder.swift */,
				9EC104202AFB05710045FAD6 /* LoggedInInteractor.swift */,
			);
			path = LoggedIn;
			sourceTree = "<group>";
		};
/* End PBXGroup section */

/* Begin PBXNativeTarget section */
		9EC103CB2AFAA0990045FAD6 /* Tutorial */ = {
			isa = PBXNativeTarget;
			buildConfigurationList = 9EC103F62AFAA09A0045FAD6 /* Build configuration list for PBXNativeTarget "Tutorial" */;
			buildPhases = (
				9EC103C82AFAA0990045FAD6 /* Sources */,
				9EC103C92AFAA0990045FAD6 /* Frameworks */,
				9EC103CA2AFAA0990045FAD6 /* Resources */,
			);
			buildRules = (
			);
			dependencies = (
			);
			name = Tutorial;
			packageProductDependencies = (
				9EC104002AFAA0C50045FAD6 /* RIBs */,
				9EC104032AFAA0D10045FAD6 /* SnapKit */,
			);
			productName = Tutorial;
			productReference = 9EC103CC2AFAA0990045FAD6 /* Tutorial.app */;
			productType = "com.apple.product-type.application";
		};
		9EC103E12AFAA09A0045FAD6 /* TutorialTests */ = {
			isa = PBXNativeTarget;
			buildConfigurationList = 9EC103F92AFAA09A0045FAD6 /* Build configuration list for PBXNativeTarget "TutorialTests" */;
			buildPhases = (
				9EC103DE2AFAA09A0045FAD6 /* Sources */,
				9EC103DF2AFAA09A0045FAD6 /* Frameworks */,
				9EC103E02AFAA09A0045FAD6 /* Resources */,
			);
			buildRules = (
			);
			dependencies = (
				9EC103E42AFAA09A0045FAD6 /* PBXTargetDependency */,
			);
			name = TutorialTests;
			productName = TutorialTests;
			productReference = 9EC103E22AFAA09A0045FAD6 /* TutorialTests.xctest */;
			productType = "com.apple.product-type.bundle.unit-test";
		};
		9EC103EB2AFAA09A0045FAD6 /* TutorialUITests */ = {
			isa = PBXNativeTarget;
			buildConfigurationList = 9EC103FC2AFAA09A0045FAD6 /* Build configuration list for PBXNativeTarget "TutorialUITests" */;
			buildPhases = (
				9EC103E82AFAA09A0045FAD6 /* Sources */,
				9EC103E92AFAA09A0045FAD6 /* Frameworks */,
				9EC103EA2AFAA09A0045FAD6 /* Resources */,
			);
			buildRules = (
			);
			dependencies = (
				9EC103EE2AFAA09A0045FAD6 /* PBXTargetDependency */,
			);
			name = TutorialUITests;
			productName = TutorialUITests;
			productReference = 9EC103EC2AFAA09A0045FAD6 /* TutorialUITests.xctest */;
			productType = "com.apple.product-type.bundle.ui-testing";
		};
/* End PBXNativeTarget section */

/* Begin PBXProject section */
		9EC103C42AFAA0990045FAD6 /* Project object */ = {
			isa = PBXProject;
			attributes = {
				BuildIndependentTargetsInParallel = 1;
				LastSwiftUpdateCheck = 1500;
				LastUpgradeCheck = 1500;
				TargetAttributes = {
					9EC103CB2AFAA0990045FAD6 = {
						CreatedOnToolsVersion = 15.0.1;
					};
					9EC103E12AFAA09A0045FAD6 = {
						CreatedOnToolsVersion = 15.0.1;
						TestTargetID = 9EC103CB2AFAA0990045FAD6;
					};
					9EC103EB2AFAA09A0045FAD6 = {
						CreatedOnToolsVersion = 15.0.1;
						TestTargetID = 9EC103CB2AFAA0990045FAD6;
					};
				};
			};
			buildConfigurationList = 9EC103C72AFAA0990045FAD6 /* Build configuration list for PBXProject "Tutorial" */;
			compatibilityVersion = "Xcode 14.0";
			developmentRegion = en;
			hasScannedForEncodings = 0;
			knownRegions = (
				en,
				Base,
			);
			mainGroup = 9EC103C32AFAA0990045FAD6;
			packageReferences = (
				9EC103FF2AFAA0C50045FAD6 /* XCRemoteSwiftPackageReference "RIBs" */,
				9EC104022AFAA0D10045FAD6 /* XCRemoteSwiftPackageReference "SnapKit" */,
			);
			productRefGroup = 9EC103CD2AFAA0990045FAD6 /* Products */;
			projectDirPath = "";
			projectRoot = "";
			targets = (
				9EC103CB2AFAA0990045FAD6 /* Tutorial */,
				9EC103E12AFAA09A0045FAD6 /* TutorialTests */,
				9EC103EB2AFAA09A0045FAD6 /* TutorialUITests */,
			);
		};
/* End PBXProject section */

/* Begin PBXResourcesBuildPhase section */
		9EC103CA2AFAA0990045FAD6 /* Resources */ = {
			isa = PBXResourcesBuildPhase;
			buildActionMask = 2147483647;
			files = (
				9EC103DC2AFAA09A0045FAD6 /* LaunchScreen.storyboard in Resources */,
				9EC103D92AFAA09A0045FAD6 /* Assets.xcassets in Resources */,
			);
			runOnlyForDeploymentPostprocessing = 0;
		};
		9EC103E02AFAA09A0045FAD6 /* Resources */ = {
			isa = PBXResourcesBuildPhase;
			buildActionMask = 2147483647;
			files = (
			);
			runOnlyForDeploymentPostprocessing = 0;
		};
		9EC103EA2AFAA09A0045FAD6 /* Resources */ = {
			isa = PBXResourcesBuildPhase;
			buildActionMask = 2147483647;
			files = (
			);
			runOnlyForDeploymentPostprocessing = 0;
		};
/* End PBXResourcesBuildPhase section */

/* Begin PBXSourcesBuildPhase section */
		9EC103C82AFAA0990045FAD6 /* Sources */ = {
			isa = PBXSourcesBuildPhase;
			buildActionMask = 2147483647;
			files = (
				9EC104222AFB05710045FAD6 /* LoggedInBuilder.swift in Sources */,
				9EC1040F2AFAA1400045FAD6 /* RootInteractor.swift in Sources */,
				9EC104252AFB05D60045FAD6 /* RootComponent+LoggedIn.swift in Sources */,
				9EC104162AFAA15C0045FAD6 /* LoggedOutViewController.swift in Sources */,
				9EC103D02AFAA0990045FAD6 /* AppDelegate.swift in Sources */,
				9EC1040C2AFAA1400045FAD6 /* RootRouter.swift in Sources */,
				9EC1040E2AFAA1400045FAD6 /* RootBuilder.swift in Sources */,
				9EC1041C2AFAA37A0045FAD6 /* AppComponent.swift in Sources */,
				9EC104152AFAA15C0045FAD6 /* LoggedOutRouter.swift in Sources */,
				9EC1040D2AFAA1400045FAD6 /* RootViewController.swift in Sources */,
				9EC104182AFAA15C0045FAD6 /* LoggedOutInteractor.swift in Sources */,
				9EC103D22AFAA0990045FAD6 /* SceneDelegate.swift in Sources */,
				9EC104212AFB05710045FAD6 /* LoggedInRouter.swift in Sources */,
				9EC1041A2AFAA2F90045FAD6 /* RootComponent+LoggedOut.swift in Sources */,
				9EC104232AFB05710045FAD6 /* LoggedInInteractor.swift in Sources */,
				9EC104172AFAA15C0045FAD6 /* LoggedOutBuilder.swift in Sources */,
			);
			runOnlyForDeploymentPostprocessing = 0;
		};
		9EC103DE2AFAA09A0045FAD6 /* Sources */ = {
			isa = PBXSourcesBuildPhase;
			buildActionMask = 2147483647;
			files = (
				9EC103E72AFAA09A0045FAD6 /* TutorialTests.swift in Sources */,
			);
			runOnlyForDeploymentPostprocessing = 0;
		};
		9EC103E82AFAA09A0045FAD6 /* Sources */ = {
			isa = PBXSourcesBuildPhase;
			buildActionMask = 2147483647;
			files = (
				9EC103F32AFAA09A0045FAD6 /* TutorialUITestsLaunchTests.swift in Sources */,
				9EC103F12AFAA09A0045FAD6 /* TutorialUITests.swift in Sources */,
			);
			runOnlyForDeploymentPostprocessing = 0;
		};
/* End PBXSourcesBuildPhase section */

/* Begin PBXTargetDependency section */
		9EC103E42AFAA09A0045FAD6 /* PBXTargetDependency */ = {
			isa = PBXTargetDependency;
			target = 9EC103CB2AFAA0990045FAD6 /* Tutorial */;
			targetProxy = 9EC103E32AFAA09A0045FAD6 /* PBXContainerItemProxy */;
		};
		9EC103EE2AFAA09A0045FAD6 /* PBXTargetDependency */ = {
			isa = PBXTargetDependency;
			target = 9EC103CB2AFAA0990045FAD6 /* Tutorial */;
			targetProxy = 9EC103ED2AFAA09A0045FAD6 /* PBXContainerItemProxy */;
		};
/* End PBXTargetDependency section */

/* Begin PBXVariantGroup section */
		9EC103DA2AFAA09A0045FAD6 /* LaunchScreen.storyboard */ = {
			isa = PBXVariantGroup;
			children = (
				9EC103DB2AFAA09A0045FAD6 /* Base */,
			);
			name = LaunchScreen.storyboard;
			sourceTree = "<group>";
		};
/* End PBXVariantGroup section */

/* Begin XCBuildConfiguration section */
		9EC103F42AFAA09A0045FAD6 /* Debug */ = {
			isa = XCBuildConfiguration;
			buildSettings = {
				ALWAYS_SEARCH_USER_PATHS = NO;
				ASSETCATALOG_COMPILER_GENERATE_SWIFT_ASSET_SYMBOL_EXTENSIONS = YES;
				CLANG_ANALYZER_NONNULL = YES;
				CLANG_ANALYZER_NUMBER_OBJECT_CONVERSION = YES_AGGRESSIVE;
				CLANG_CXX_LANGUAGE_STANDARD = "gnu++20";
				CLANG_ENABLE_MODULES = YES;
				CLANG_ENABLE_OBJC_ARC = YES;
				CLANG_ENABLE_OBJC_WEAK = YES;
				CLANG_WARN_BLOCK_CAPTURE_AUTORELEASING = YES;
				CLANG_WARN_BOOL_CONVERSION = YES;
				CLANG_WARN_COMMA = YES;
				CLANG_WARN_CONSTANT_CONVERSION = YES;
				CLANG_WARN_DEPRECATED_OBJC_IMPLEMENTATIONS = YES;
				CLANG_WARN_DIRECT_OBJC_ISA_USAGE = YES_ERROR;
				CLANG_WARN_DOCUMENTATION_COMMENTS = YES;
				CLANG_WARN_EMPTY_BODY = YES;
				CLANG_WARN_ENUM_CONVERSION = YES;
				CLANG_WARN_INFINITE_RECURSION = YES;
				CLANG_WARN_INT_CONVERSION = YES;
				CLANG_WARN_NON_LITERAL_NULL_CONVERSION = YES;
				CLANG_WARN_OBJC_IMPLICIT_RETAIN_SELF = YES;
				CLANG_WARN_OBJC_LITERAL_CONVERSION = YES;
				CLANG_WARN_OBJC_ROOT_CLASS = YES_ERROR;
				CLANG_WARN_QUOTED_INCLUDE_IN_FRAMEWORK_HEADER = YES;
				CLANG_WARN_RANGE_LOOP_ANALYSIS = YES;
				CLANG_WARN_STRICT_PROTOTYPES = YES;
				CLANG_WARN_SUSPICIOUS_MOVE = YES;
				CLANG_WARN_UNGUARDED_AVAILABILITY = YES_AGGRESSIVE;
				CLANG_WARN_UNREACHABLE_CODE = YES;
				CLANG_WARN__DUPLICATE_METHOD_MATCH = YES;
				COPY_PHASE_STRIP = NO;
				DEBUG_INFORMATION_FORMAT = dwarf;
				ENABLE_STRICT_OBJC_MSGSEND = YES;
				ENABLE_TESTABILITY = YES;
				ENABLE_USER_SCRIPT_SANDBOXING = YES;
				GCC_C_LANGUAGE_STANDARD = gnu17;
				GCC_DYNAMIC_NO_PIC = NO;
				GCC_NO_COMMON_BLOCKS = YES;
				GCC_OPTIMIZATION_LEVEL = 0;
				GCC_PREPROCESSOR_DEFINITIONS = (
					"DEBUG=1",
					"$(inherited)",
				);
				GCC_WARN_64_TO_32_BIT_CONVERSION = YES;
				GCC_WARN_ABOUT_RETURN_TYPE = YES_ERROR;
				GCC_WARN_UNDECLARED_SELECTOR = YES;
				GCC_WARN_UNINITIALIZED_AUTOS = YES_AGGRESSIVE;
				GCC_WARN_UNUSED_FUNCTION = YES;
				GCC_WARN_UNUSED_VARIABLE = YES;
				IPHONEOS_DEPLOYMENT_TARGET = 17.0;
				LOCALIZATION_PREFERS_STRING_CATALOGS = YES;
				MTL_ENABLE_DEBUG_INFO = INCLUDE_SOURCE;
				MTL_FAST_MATH = YES;
				ONLY_ACTIVE_ARCH = YES;
				SDKROOT = iphoneos;
				SWIFT_ACTIVE_COMPILATION_CONDITIONS = "DEBUG $(inherited)";
				SWIFT_OPTIMIZATION_LEVEL = "-Onone";
			};
			name = Debug;
		};
		9EC103F52AFAA09A0045FAD6 /* Release */ = {
			isa = XCBuildConfiguration;
			buildSettings = {
				ALWAYS_SEARCH_USER_PATHS = NO;
				ASSETCATALOG_COMPILER_GENERATE_SWIFT_ASSET_SYMBOL_EXTENSIONS = YES;
				CLANG_ANALYZER_NONNULL = YES;
				CLANG_ANALYZER_NUMBER_OBJECT_CONVERSION = YES_AGGRESSIVE;
				CLANG_CXX_LANGUAGE_STANDARD = "gnu++20";
				CLANG_ENABLE_MODULES = YES;
				CLANG_ENABLE_OBJC_ARC = YES;
				CLANG_ENABLE_OBJC_WEAK = YES;
				CLANG_WARN_BLOCK_CAPTURE_AUTORELEASING = YES;
				CLANG_WARN_BOOL_CONVERSION = YES;
				CLANG_WARN_COMMA = YES;
				CLANG_WARN_CONSTANT_CONVERSION = YES;
				CLANG_WARN_DEPRECATED_OBJC_IMPLEMENTATIONS = YES;
				CLANG_WARN_DIRECT_OBJC_ISA_USAGE = YES_ERROR;
				CLANG_WARN_DOCUMENTATION_COMMENTS = YES;
				CLANG_WARN_EMPTY_BODY = YES;
				CLANG_WARN_ENUM_CONVERSION = YES;
				CLANG_WARN_INFINITE_RECURSION = YES;
				CLANG_WARN_INT_CONVERSION = YES;
				CLANG_WARN_NON_LITERAL_NULL_CONVERSION = YES;
				CLANG_WARN_OBJC_IMPLICIT_RETAIN_SELF = YES;
				CLANG_WARN_OBJC_LITERAL_CONVERSION = YES;
				CLANG_WARN_OBJC_ROOT_CLASS = YES_ERROR;
				CLANG_WARN_QUOTED_INCLUDE_IN_FRAMEWORK_HEADER = YES;
				CLANG_WARN_RANGE_LOOP_ANALYSIS = YES;
				CLANG_WARN_STRICT_PROTOTYPES = YES;
				CLANG_WARN_SUSPICIOUS_MOVE = YES;
				CLANG_WARN_UNGUARDED_AVAILABILITY = YES_AGGRESSIVE;
				CLANG_WARN_UNREACHABLE_CODE = YES;
				CLANG_WARN__DUPLICATE_METHOD_MATCH = YES;
				COPY_PHASE_STRIP = NO;
				DEBUG_INFORMATION_FORMAT = "dwarf-with-dsym";
				ENABLE_NS_ASSERTIONS = NO;
				ENABLE_STRICT_OBJC_MSGSEND = YES;
				ENABLE_USER_SCRIPT_SANDBOXING = YES;
				GCC_C_LANGUAGE_STANDARD = gnu17;
				GCC_NO_COMMON_BLOCKS = YES;
				GCC_WARN_64_TO_32_BIT_CONVERSION = YES;
				GCC_WARN_ABOUT_RETURN_TYPE = YES_ERROR;
				GCC_WARN_UNDECLARED_SELECTOR = YES;
				GCC_WARN_UNINITIALIZED_AUTOS = YES_AGGRESSIVE;
				GCC_WARN_UNUSED_FUNCTION = YES;
				GCC_WARN_UNUSED_VARIABLE = YES;
				IPHONEOS_DEPLOYMENT_TARGET = 17.0;
				LOCALIZATION_PREFERS_STRING_CATALOGS = YES;
				MTL_ENABLE_DEBUG_INFO = NO;
				MTL_FAST_MATH = YES;
				SDKROOT = iphoneos;
				SWIFT_COMPILATION_MODE = wholemodule;
				VALIDATE_PRODUCT = YES;
			};
			name = Release;
		};
		9EC103F72AFAA09A0045FAD6 /* Debug */ = {
			isa = XCBuildConfiguration;
			buildSettings = {
				ASSETCATALOG_COMPILER_APPICON_NAME = AppIcon;
				ASSETCATALOG_COMPILER_GLOBAL_ACCENT_COLOR_NAME = AccentColor;
				CODE_SIGN_STYLE = Automatic;
				CURRENT_PROJECT_VERSION = 1;
				DEVELOPMENT_TEAM = PU64TS56AD;
				GENERATE_INFOPLIST_FILE = YES;
				INFOPLIST_FILE = Tutorial/Info.plist;
				INFOPLIST_KEY_UIApplicationSupportsIndirectInputEvents = YES;
				INFOPLIST_KEY_UILaunchStoryboardName = LaunchScreen;
				INFOPLIST_KEY_UISupportedInterfaceOrientations_iPad = "UIInterfaceOrientationPortrait UIInterfaceOrientationPortraitUpsideDown UIInterfaceOrientationLandscapeLeft UIInterfaceOrientationLandscapeRight";
				INFOPLIST_KEY_UISupportedInterfaceOrientations_iPhone = "UIInterfaceOrientationPortrait UIInterfaceOrientationLandscapeLeft UIInterfaceOrientationLandscapeRight";
				LD_RUNPATH_SEARCH_PATHS = (
					"$(inherited)",
					"@executable_path/Frameworks",
				);
				MARKETING_VERSION = 1.0;
				PRODUCT_BUNDLE_IDENTIFIER = com.soyeon.Tutorial;
				PRODUCT_NAME = "$(TARGET_NAME)";
				SWIFT_EMIT_LOC_STRINGS = YES;
				SWIFT_VERSION = 5.0;
				TARGETED_DEVICE_FAMILY = "1,2";
			};
			name = Debug;
		};
		9EC103F82AFAA09A0045FAD6 /* Release */ = {
			isa = XCBuildConfiguration;
			buildSettings = {
				ASSETCATALOG_COMPILER_APPICON_NAME = AppIcon;
				ASSETCATALOG_COMPILER_GLOBAL_ACCENT_COLOR_NAME = AccentColor;
				CODE_SIGN_STYLE = Automatic;
				CURRENT_PROJECT_VERSION = 1;
				DEVELOPMENT_TEAM = PU64TS56AD;
				GENERATE_INFOPLIST_FILE = YES;
				INFOPLIST_FILE = Tutorial/Info.plist;
				INFOPLIST_KEY_UIApplicationSupportsIndirectInputEvents = YES;
				INFOPLIST_KEY_UILaunchStoryboardName = LaunchScreen;
				INFOPLIST_KEY_UISupportedInterfaceOrientations_iPad = "UIInterfaceOrientationPortrait UIInterfaceOrientationPortraitUpsideDown UIInterfaceOrientationLandscapeLeft UIInterfaceOrientationLandscapeRight";
				INFOPLIST_KEY_UISupportedInterfaceOrientations_iPhone = "UIInterfaceOrientationPortrait UIInterfaceOrientationLandscapeLeft UIInterfaceOrientationLandscapeRight";
				LD_RUNPATH_SEARCH_PATHS = (
					"$(inherited)",
					"@executable_path/Frameworks",
				);
				MARKETING_VERSION = 1.0;
				PRODUCT_BUNDLE_IDENTIFIER = com.soyeon.Tutorial;
				PRODUCT_NAME = "$(TARGET_NAME)";
				SWIFT_EMIT_LOC_STRINGS = YES;
				SWIFT_VERSION = 5.0;
				TARGETED_DEVICE_FAMILY = "1,2";
			};
			name = Release;
		};
		9EC103FA2AFAA09A0045FAD6 /* Debug */ = {
			isa = XCBuildConfiguration;
			buildSettings = {
				ALWAYS_EMBED_SWIFT_STANDARD_LIBRARIES = YES;
				BUNDLE_LOADER = "$(TEST_HOST)";
				CODE_SIGN_STYLE = Automatic;
				CURRENT_PROJECT_VERSION = 1;
				DEVELOPMENT_TEAM = PU64TS56AD;
				GENERATE_INFOPLIST_FILE = YES;
				IPHONEOS_DEPLOYMENT_TARGET = 17.0;
				MARKETING_VERSION = 1.0;
				PRODUCT_BUNDLE_IDENTIFIER = com.soyeon.TutorialTests;
				PRODUCT_NAME = "$(TARGET_NAME)";
				SWIFT_EMIT_LOC_STRINGS = NO;
				SWIFT_VERSION = 5.0;
				TARGETED_DEVICE_FAMILY = "1,2";
				TEST_HOST = "$(BUILT_PRODUCTS_DIR)/Tutorial.app/$(BUNDLE_EXECUTABLE_FOLDER_PATH)/Tutorial";
			};
			name = Debug;
		};
		9EC103FB2AFAA09A0045FAD6 /* Release */ = {
			isa = XCBuildConfiguration;
			buildSettings = {
				ALWAYS_EMBED_SWIFT_STANDARD_LIBRARIES = YES;
				BUNDLE_LOADER = "$(TEST_HOST)";
				CODE_SIGN_STYLE = Automatic;
				CURRENT_PROJECT_VERSION = 1;
				DEVELOPMENT_TEAM = PU64TS56AD;
				GENERATE_INFOPLIST_FILE = YES;
				IPHONEOS_DEPLOYMENT_TARGET = 17.0;
				MARKETING_VERSION = 1.0;
				PRODUCT_BUNDLE_IDENTIFIER = com.soyeon.TutorialTests;
				PRODUCT_NAME = "$(TARGET_NAME)";
				SWIFT_EMIT_LOC_STRINGS = NO;
				SWIFT_VERSION = 5.0;
				TARGETED_DEVICE_FAMILY = "1,2";
				TEST_HOST = "$(BUILT_PRODUCTS_DIR)/Tutorial.app/$(BUNDLE_EXECUTABLE_FOLDER_PATH)/Tutorial";
			};
			name = Release;
		};
		9EC103FD2AFAA09A0045FAD6 /* Debug */ = {
			isa = XCBuildConfiguration;
			buildSettings = {
				ALWAYS_EMBED_SWIFT_STANDARD_LIBRARIES = YES;
				CODE_SIGN_STYLE = Automatic;
				CURRENT_PROJECT_VERSION = 1;
				DEVELOPMENT_TEAM = PU64TS56AD;
				GENERATE_INFOPLIST_FILE = YES;
				MARKETING_VERSION = 1.0;
				PRODUCT_BUNDLE_IDENTIFIER = com.soyeon.TutorialUITests;
				PRODUCT_NAME = "$(TARGET_NAME)";
				SWIFT_EMIT_LOC_STRINGS = NO;
				SWIFT_VERSION = 5.0;
				TARGETED_DEVICE_FAMILY = "1,2";
				TEST_TARGET_NAME = Tutorial;
			};
			name = Debug;
		};
		9EC103FE2AFAA09A0045FAD6 /* Release */ = {
			isa = XCBuildConfiguration;
			buildSettings = {
				ALWAYS_EMBED_SWIFT_STANDARD_LIBRARIES = YES;
				CODE_SIGN_STYLE = Automatic;
				CURRENT_PROJECT_VERSION = 1;
				DEVELOPMENT_TEAM = PU64TS56AD;
				GENERATE_INFOPLIST_FILE = YES;
				MARKETING_VERSION = 1.0;
				PRODUCT_BUNDLE_IDENTIFIER = com.soyeon.TutorialUITests;
				PRODUCT_NAME = "$(TARGET_NAME)";
				SWIFT_EMIT_LOC_STRINGS = NO;
				SWIFT_VERSION = 5.0;
				TARGETED_DEVICE_FAMILY = "1,2";
				TEST_TARGET_NAME = Tutorial;
			};
			name = Release;
		};
/* End XCBuildConfiguration section */

/* Begin XCConfigurationList section */
		9EC103C72AFAA0990045FAD6 /* Build configuration list for PBXProject "Tutorial" */ = {
			isa = XCConfigurationList;
			buildConfigurations = (
				9EC103F42AFAA09A0045FAD6 /* Debug */,
				9EC103F52AFAA09A0045FAD6 /* Release */,
			);
			defaultConfigurationIsVisible = 0;
			defaultConfigurationName = Release;
		};
		9EC103F62AFAA09A0045FAD6 /* Build configuration list for PBXNativeTarget "Tutorial" */ = {
			isa = XCConfigurationList;
			buildConfigurations = (
				9EC103F72AFAA09A0045FAD6 /* Debug */,
				9EC103F82AFAA09A0045FAD6 /* Release */,
			);
			defaultConfigurationIsVisible = 0;
			defaultConfigurationName = Release;
		};
		9EC103F92AFAA09A0045FAD6 /* Build configuration list for PBXNativeTarget "TutorialTests" */ = {
			isa = XCConfigurationList;
			buildConfigurations = (
				9EC103FA2AFAA09A0045FAD6 /* Debug */,
				9EC103FB2AFAA09A0045FAD6 /* Release */,
			);
			defaultConfigurationIsVisible = 0;
			defaultConfigurationName = Release;
		};
		9EC103FC2AFAA09A0045FAD6 /* Build configuration list for PBXNativeTarget "TutorialUITests" */ = {
			isa = XCConfigurationList;
			buildConfigurations = (
				9EC103FD2AFAA09A0045FAD6 /* Debug */,
				9EC103FE2AFAA09A0045FAD6 /* Release */,
			);
			defaultConfigurationIsVisible = 0;
			defaultConfigurationName = Release;
		};
/* End XCConfigurationList section */

/* Begin XCRemoteSwiftPackageReference section */
		9EC103FF2AFAA0C50045FAD6 /* XCRemoteSwiftPackageReference "RIBs" */ = {
			isa = XCRemoteSwiftPackageReference;
			repositoryURL = "https://github.com/uber/RIBs.git";
			requirement = {
				kind = upToNextMajorVersion;
				minimumVersion = 0.9.2;
			};
		};
		9EC104022AFAA0D10045FAD6 /* XCRemoteSwiftPackageReference "SnapKit" */ = {
			isa = XCRemoteSwiftPackageReference;
			repositoryURL = "https://github.com/SnapKit/SnapKit.git";
			requirement = {
				kind = upToNextMajorVersion;
				minimumVersion = 5.6.0;
			};
		};
/* End XCRemoteSwiftPackageReference section */

/* Begin XCSwiftPackageProductDependency section */
		9EC104002AFAA0C50045FAD6 /* RIBs */ = {
			isa = XCSwiftPackageProductDependency;
			package = 9EC103FF2AFAA0C50045FAD6 /* XCRemoteSwiftPackageReference "RIBs" */;
			productName = RIBs;
		};
		9EC104032AFAA0D10045FAD6 /* SnapKit */ = {
			isa = XCSwiftPackageProductDependency;
			package = 9EC104022AFAA0D10045FAD6 /* XCRemoteSwiftPackageReference "SnapKit" */;
			productName = SnapKit;
		};
/* End XCSwiftPackageProductDependency section */
	};
	rootObject = 9EC103C42AFAA0990045FAD6 /* Project object */;
}
