// !$*UTF8*$!
{
	archiveVersion = 1;
	classes = {
	};
	objectVersion = 56;
	objects = {

/* Begin PBXBuildFile section */
		92B2420F2AFBD4BD00AB462E /* AppDelegate.swift in Sources */ = {isa = PBXBuildFile; fileRef = 92B2420E2AFBD4BD00AB462E /* AppDelegate.swift */; };
		92B242112AFBD4BD00AB462E /* SceneDelegate.swift in Sources */ = {isa = PBXBuildFile; fileRef = 92B242102AFBD4BD00AB462E /* SceneDelegate.swift */; };
		92B242182AFBD4C000AB462E /* Assets.xcassets in Resources */ = {isa = PBXBuildFile; fileRef = 92B242172AFBD4C000AB462E /* Assets.xcassets */; };
		92B2421B2AFBD4C000AB462E /* LaunchScreen.storyboard in Resources */ = {isa = PBXBuildFile; fileRef = 92B242192AFBD4C000AB462E /* LaunchScreen.storyboard */; };
		92B242262AFBD4C000AB462E /* MemoTests.swift in Sources */ = {isa = PBXBuildFile; fileRef = 92B242252AFBD4C000AB462E /* MemoTests.swift */; };
		92B242302AFBD4C000AB462E /* MemoUITests.swift in Sources */ = {isa = PBXBuildFile; fileRef = 92B2422F2AFBD4C000AB462E /* MemoUITests.swift */; };
		92B242322AFBD4C000AB462E /* MemoUITestsLaunchTests.swift in Sources */ = {isa = PBXBuildFile; fileRef = 92B242312AFBD4C000AB462E /* MemoUITestsLaunchTests.swift */; };
		92B242412AFBD4FD00AB462E /* SnapKit in Frameworks */ = {isa = PBXBuildFile; productRef = 92B242402AFBD4FD00AB462E /* SnapKit */; };
		92B242442AFBD52700AB462E /* RIBs in Frameworks */ = {isa = PBXBuildFile; productRef = 92B242432AFBD52700AB462E /* RIBs */; };
		92B2424F2AFBDC0500AB462E /* AppComponent.swift in Sources */ = {isa = PBXBuildFile; fileRef = 92B2424E2AFBDC0500AB462E /* AppComponent.swift */; };
		92B242602AFBE54500AB462E /* RootRouter.swift in Sources */ = {isa = PBXBuildFile; fileRef = 92B2425C2AFBE54500AB462E /* RootRouter.swift */; };
		92B242612AFBE54500AB462E /* RootViewController.swift in Sources */ = {isa = PBXBuildFile; fileRef = 92B2425D2AFBE54500AB462E /* RootViewController.swift */; };
		92B242622AFBE54500AB462E /* RootBuilder.swift in Sources */ = {isa = PBXBuildFile; fileRef = 92B2425E2AFBE54500AB462E /* RootBuilder.swift */; };
		92B242632AFBE54500AB462E /* RootInteractor.swift in Sources */ = {isa = PBXBuildFile; fileRef = 92B2425F2AFBE54500AB462E /* RootInteractor.swift */; };
		9EC104412AFC51440045FAD6 /* LoggedOutRouter.swift in Sources */ = {isa = PBXBuildFile; fileRef = 9EC1043D2AFC51440045FAD6 /* LoggedOutRouter.swift */; };
		9EC104422AFC51440045FAD6 /* LoggedOutViewController.swift in Sources */ = {isa = PBXBuildFile; fileRef = 9EC1043E2AFC51440045FAD6 /* LoggedOutViewController.swift */; };
		9EC104432AFC51440045FAD6 /* LoggedOutBuilder.swift in Sources */ = {isa = PBXBuildFile; fileRef = 9EC1043F2AFC51440045FAD6 /* LoggedOutBuilder.swift */; };
		9EC104442AFC51440045FAD6 /* LoggedOutInteractor.swift in Sources */ = {isa = PBXBuildFile; fileRef = 9EC104402AFC51440045FAD6 /* LoggedOutInteractor.swift */; };
		9EC104462AFC522D0045FAD6 /* RootComponent+LoggedOut.swift in Sources */ = {isa = PBXBuildFile; fileRef = 9EC104452AFC522D0045FAD6 /* RootComponent+LoggedOut.swift */; };
		9EC104492AFC5ABC0045FAD6 /* RxCocoa in Frameworks */ = {isa = PBXBuildFile; productRef = 9EC104482AFC5ABC0045FAD6 /* RxCocoa */; };
		9EC1044C2AFC5B010045FAD6 /* LoginTextManager.swift in Sources */ = {isa = PBXBuildFile; fileRef = 9EC1044B2AFC5B010045FAD6 /* LoginTextManager.swift */; };
/* End PBXBuildFile section */

/* Begin PBXContainerItemProxy section */
		92B242222AFBD4C000AB462E /* PBXContainerItemProxy */ = {
			isa = PBXContainerItemProxy;
			containerPortal = 92B242032AFBD4BD00AB462E /* Project object */;
			proxyType = 1;
			remoteGlobalIDString = 92B2420A2AFBD4BD00AB462E;
			remoteInfo = Memo;
		};
		92B2422C2AFBD4C000AB462E /* PBXContainerItemProxy */ = {
			isa = PBXContainerItemProxy;
			containerPortal = 92B242032AFBD4BD00AB462E /* Project object */;
			proxyType = 1;
			remoteGlobalIDString = 92B2420A2AFBD4BD00AB462E;
			remoteInfo = Memo;
		};
/* End PBXContainerItemProxy section */

/* Begin PBXFileReference section */
		92B2420B2AFBD4BD00AB462E /* Memo.app */ = {isa = PBXFileReference; explicitFileType = wrapper.application; includeInIndex = 0; path = Memo.app; sourceTree = BUILT_PRODUCTS_DIR; };
		92B2420E2AFBD4BD00AB462E /* AppDelegate.swift */ = {isa = PBXFileReference; lastKnownFileType = sourcecode.swift; path = AppDelegate.swift; sourceTree = "<group>"; };
		92B242102AFBD4BD00AB462E /* SceneDelegate.swift */ = {isa = PBXFileReference; lastKnownFileType = sourcecode.swift; path = SceneDelegate.swift; sourceTree = "<group>"; };
		92B242172AFBD4C000AB462E /* Assets.xcassets */ = {isa = PBXFileReference; lastKnownFileType = folder.assetcatalog; path = Assets.xcassets; sourceTree = "<group>"; };
		92B2421A2AFBD4C000AB462E /* Base */ = {isa = PBXFileReference; lastKnownFileType = file.storyboard; name = Base; path = Base.lproj/LaunchScreen.storyboard; sourceTree = "<group>"; };
		92B2421C2AFBD4C000AB462E /* Info.plist */ = {isa = PBXFileReference; lastKnownFileType = text.plist.xml; path = Info.plist; sourceTree = "<group>"; };
		92B242212AFBD4C000AB462E /* MemoTests.xctest */ = {isa = PBXFileReference; explicitFileType = wrapper.cfbundle; includeInIndex = 0; path = MemoTests.xctest; sourceTree = BUILT_PRODUCTS_DIR; };
		92B242252AFBD4C000AB462E /* MemoTests.swift */ = {isa = PBXFileReference; lastKnownFileType = sourcecode.swift; path = MemoTests.swift; sourceTree = "<group>"; };
		92B2422B2AFBD4C000AB462E /* MemoUITests.xctest */ = {isa = PBXFileReference; explicitFileType = wrapper.cfbundle; includeInIndex = 0; path = MemoUITests.xctest; sourceTree = BUILT_PRODUCTS_DIR; };
		92B2422F2AFBD4C000AB462E /* MemoUITests.swift */ = {isa = PBXFileReference; lastKnownFileType = sourcecode.swift; path = MemoUITests.swift; sourceTree = "<group>"; };
		92B242312AFBD4C000AB462E /* MemoUITestsLaunchTests.swift */ = {isa = PBXFileReference; lastKnownFileType = sourcecode.swift; path = MemoUITestsLaunchTests.swift; sourceTree = "<group>"; };
		92B2424E2AFBDC0500AB462E /* AppComponent.swift */ = {isa = PBXFileReference; lastKnownFileType = sourcecode.swift; path = AppComponent.swift; sourceTree = "<group>"; };
		92B2425C2AFBE54500AB462E /* RootRouter.swift */ = {isa = PBXFileReference; lastKnownFileType = sourcecode.swift; path = RootRouter.swift; sourceTree = "<group>"; };
		92B2425D2AFBE54500AB462E /* RootViewController.swift */ = {isa = PBXFileReference; lastKnownFileType = sourcecode.swift; path = RootViewController.swift; sourceTree = "<group>"; };
		92B2425E2AFBE54500AB462E /* RootBuilder.swift */ = {isa = PBXFileReference; lastKnownFileType = sourcecode.swift; path = RootBuilder.swift; sourceTree = "<group>"; };
		92B2425F2AFBE54500AB462E /* RootInteractor.swift */ = {isa = PBXFileReference; lastKnownFileType = sourcecode.swift; path = RootInteractor.swift; sourceTree = "<group>"; };
		9EC1043D2AFC51440045FAD6 /* LoggedOutRouter.swift */ = {isa = PBXFileReference; lastKnownFileType = sourcecode.swift; path = LoggedOutRouter.swift; sourceTree = "<group>"; };
		9EC1043E2AFC51440045FAD6 /* LoggedOutViewController.swift */ = {isa = PBXFileReference; lastKnownFileType = sourcecode.swift; path = LoggedOutViewController.swift; sourceTree = "<group>"; };
		9EC1043F2AFC51440045FAD6 /* LoggedOutBuilder.swift */ = {isa = PBXFileReference; lastKnownFileType = sourcecode.swift; path = LoggedOutBuilder.swift; sourceTree = "<group>"; };
		9EC104402AFC51440045FAD6 /* LoggedOutInteractor.swift */ = {isa = PBXFileReference; lastKnownFileType = sourcecode.swift; path = LoggedOutInteractor.swift; sourceTree = "<group>"; };
		9EC104452AFC522D0045FAD6 /* RootComponent+LoggedOut.swift */ = {isa = PBXFileReference; lastKnownFileType = sourcecode.swift; path = "RootComponent+LoggedOut.swift"; sourceTree = "<group>"; };
		9EC1044B2AFC5B010045FAD6 /* LoginTextManager.swift */ = {isa = PBXFileReference; lastKnownFileType = sourcecode.swift; path = LoginTextManager.swift; sourceTree = "<group>"; };
/* End PBXFileReference section */

/* Begin PBXFrameworksBuildPhase section */
		92B242082AFBD4BD00AB462E /* Frameworks */ = {
			isa = PBXFrameworksBuildPhase;
			buildActionMask = 2147483647;
			files = (
				9EC104492AFC5ABC0045FAD6 /* RxCocoa in Frameworks */,
				92B242442AFBD52700AB462E /* RIBs in Frameworks */,
				92B242412AFBD4FD00AB462E /* SnapKit in Frameworks */,
			);
			runOnlyForDeploymentPostprocessing = 0;
		};
		92B2421E2AFBD4C000AB462E /* Frameworks */ = {
			isa = PBXFrameworksBuildPhase;
			buildActionMask = 2147483647;
			files = (
			);
			runOnlyForDeploymentPostprocessing = 0;
		};
		92B242282AFBD4C000AB462E /* Frameworks */ = {
			isa = PBXFrameworksBuildPhase;
			buildActionMask = 2147483647;
			files = (
			);
			runOnlyForDeploymentPostprocessing = 0;
		};
/* End PBXFrameworksBuildPhase section */

/* Begin PBXGroup section */
		92B242022AFBD4BD00AB462E = {
			isa = PBXGroup;
			children = (
				92B2420D2AFBD4BD00AB462E /* Memo */,
				92B242242AFBD4C000AB462E /* MemoTests */,
				92B2422E2AFBD4C000AB462E /* MemoUITests */,
				92B2420C2AFBD4BD00AB462E /* Products */,
			);
			sourceTree = "<group>";
		};
		92B2420C2AFBD4BD00AB462E /* Products */ = {
			isa = PBXGroup;
			children = (
				92B2420B2AFBD4BD00AB462E /* Memo.app */,
				92B242212AFBD4C000AB462E /* MemoTests.xctest */,
				92B2422B2AFBD4C000AB462E /* MemoUITests.xctest */,
			);
			name = Products;
			sourceTree = "<group>";
		};
		92B2420D2AFBD4BD00AB462E /* Memo */ = {
			isa = PBXGroup;
			children = (
				9EC1044A2AFC5AF30045FAD6 /* Utils */,
				9EC1043C2AFC51340045FAD6 /* LoggedOut */,
				92B2425B2AFBE53600AB462E /* Root */,
				92B2423E2AFBD4D300AB462E /* AppStart */,
				92B242172AFBD4C000AB462E /* Assets.xcassets */,
				92B242192AFBD4C000AB462E /* LaunchScreen.storyboard */,
				92B2421C2AFBD4C000AB462E /* Info.plist */,
			);
			path = Memo;
			sourceTree = "<group>";
		};
		92B242242AFBD4C000AB462E /* MemoTests */ = {
			isa = PBXGroup;
			children = (
				92B242252AFBD4C000AB462E /* MemoTests.swift */,
			);
			path = MemoTests;
			sourceTree = "<group>";
		};
		92B2422E2AFBD4C000AB462E /* MemoUITests */ = {
			isa = PBXGroup;
			children = (
				92B2422F2AFBD4C000AB462E /* MemoUITests.swift */,
				92B242312AFBD4C000AB462E /* MemoUITestsLaunchTests.swift */,
			);
			path = MemoUITests;
			sourceTree = "<group>";
		};
		92B2423E2AFBD4D300AB462E /* AppStart */ = {
			isa = PBXGroup;
			children = (
				92B2420E2AFBD4BD00AB462E /* AppDelegate.swift */,
				92B242102AFBD4BD00AB462E /* SceneDelegate.swift */,
				92B2424E2AFBDC0500AB462E /* AppComponent.swift */,
			);
			path = AppStart;
			sourceTree = "<group>";
		};
		92B2425B2AFBE53600AB462E /* Root */ = {
			isa = PBXGroup;
			children = (
				92B2425C2AFBE54500AB462E /* RootRouter.swift */,
				92B2425D2AFBE54500AB462E /* RootViewController.swift */,
				92B2425E2AFBE54500AB462E /* RootBuilder.swift */,
				92B2425F2AFBE54500AB462E /* RootInteractor.swift */,
				9EC104452AFC522D0045FAD6 /* RootComponent+LoggedOut.swift */,
			);
			path = Root;
			sourceTree = "<group>";
		};
		9EC1043C2AFC51340045FAD6 /* LoggedOut */ = {
			isa = PBXGroup;
			children = (
				9EC1043D2AFC51440045FAD6 /* LoggedOutRouter.swift */,
				9EC1043E2AFC51440045FAD6 /* LoggedOutViewController.swift */,
				9EC1043F2AFC51440045FAD6 /* LoggedOutBuilder.swift */,
				9EC104402AFC51440045FAD6 /* LoggedOutInteractor.swift */,
				9EC1044B2AFC5B010045FAD6 /* LoginTextManager.swift */,
			);
			path = LoggedOut;
			sourceTree = "<group>";
		};
		9EC1044A2AFC5AF30045FAD6 /* Utils */ = {
			isa = PBXGroup;
			children = (
			);
			path = Utils;
			sourceTree = "<group>";
		};
/* End PBXGroup section */

/* Begin PBXNativeTarget section */
		92B2420A2AFBD4BD00AB462E /* Memo */ = {
			isa = PBXNativeTarget;
			buildConfigurationList = 92B242352AFBD4C000AB462E /* Build configuration list for PBXNativeTarget "Memo" */;
			buildPhases = (
				92B242072AFBD4BD00AB462E /* Sources */,
				92B242082AFBD4BD00AB462E /* Frameworks */,
				92B242092AFBD4BD00AB462E /* Resources */,
			);
			buildRules = (
			);
			dependencies = (
			);
			name = Memo;
			packageProductDependencies = (
				92B242402AFBD4FD00AB462E /* SnapKit */,
				92B242432AFBD52700AB462E /* RIBs */,
				9EC104482AFC5ABC0045FAD6 /* RxCocoa */,
			);
			productName = Memo;
			productReference = 92B2420B2AFBD4BD00AB462E /* Memo.app */;
			productType = "com.apple.product-type.application";
		};
		92B242202AFBD4C000AB462E /* MemoTests */ = {
			isa = PBXNativeTarget;
			buildConfigurationList = 92B242382AFBD4C000AB462E /* Build configuration list for PBXNativeTarget "MemoTests" */;
			buildPhases = (
				92B2421D2AFBD4C000AB462E /* Sources */,
				92B2421E2AFBD4C000AB462E /* Frameworks */,
				92B2421F2AFBD4C000AB462E /* Resources */,
			);
			buildRules = (
			);
			dependencies = (
				92B242232AFBD4C000AB462E /* PBXTargetDependency */,
			);
			name = MemoTests;
			productName = MemoTests;
			productReference = 92B242212AFBD4C000AB462E /* MemoTests.xctest */;
			productType = "com.apple.product-type.bundle.unit-test";
		};
		92B2422A2AFBD4C000AB462E /* MemoUITests */ = {
			isa = PBXNativeTarget;
			buildConfigurationList = 92B2423B2AFBD4C000AB462E /* Build configuration list for PBXNativeTarget "MemoUITests" */;
			buildPhases = (
				92B242272AFBD4C000AB462E /* Sources */,
				92B242282AFBD4C000AB462E /* Frameworks */,
				92B242292AFBD4C000AB462E /* Resources */,
			);
			buildRules = (
			);
			dependencies = (
				92B2422D2AFBD4C000AB462E /* PBXTargetDependency */,
			);
			name = MemoUITests;
			productName = MemoUITests;
			productReference = 92B2422B2AFBD4C000AB462E /* MemoUITests.xctest */;
			productType = "com.apple.product-type.bundle.ui-testing";
		};
/* End PBXNativeTarget section */

/* Begin PBXProject section */
		92B242032AFBD4BD00AB462E /* Project object */ = {
			isa = PBXProject;
			attributes = {
				BuildIndependentTargetsInParallel = 1;
				LastSwiftUpdateCheck = 1500;
				LastUpgradeCheck = 1500;
				TargetAttributes = {
					92B2420A2AFBD4BD00AB462E = {
						CreatedOnToolsVersion = 15.0.1;
					};
					92B242202AFBD4C000AB462E = {
						CreatedOnToolsVersion = 15.0.1;
						TestTargetID = 92B2420A2AFBD4BD00AB462E;
					};
					92B2422A2AFBD4C000AB462E = {
						CreatedOnToolsVersion = 15.0.1;
						TestTargetID = 92B2420A2AFBD4BD00AB462E;
					};
				};
			};
			buildConfigurationList = 92B242062AFBD4BD00AB462E /* Build configuration list for PBXProject "Memo" */;
			compatibilityVersion = "Xcode 14.0";
			developmentRegion = en;
			hasScannedForEncodings = 0;
			knownRegions = (
				en,
				Base,
			);
			mainGroup = 92B242022AFBD4BD00AB462E;
			packageReferences = (
				92B2423F2AFBD4FD00AB462E /* XCRemoteSwiftPackageReference "SnapKit" */,
				92B242422AFBD52700AB462E /* XCRemoteSwiftPackageReference "RIBs" */,
				9EC104472AFC5ABC0045FAD6 /* XCRemoteSwiftPackageReference "RxSwift" */,
			);
			productRefGroup = 92B2420C2AFBD4BD00AB462E /* Products */;
			projectDirPath = "";
			projectRoot = "";
			targets = (
				92B2420A2AFBD4BD00AB462E /* Memo */,
				92B242202AFBD4C000AB462E /* MemoTests */,
				92B2422A2AFBD4C000AB462E /* MemoUITests */,
			);
		};
/* End PBXProject section */

/* Begin PBXResourcesBuildPhase section */
		92B242092AFBD4BD00AB462E /* Resources */ = {
			isa = PBXResourcesBuildPhase;
			buildActionMask = 2147483647;
			files = (
				92B2421B2AFBD4C000AB462E /* LaunchScreen.storyboard in Resources */,
				92B242182AFBD4C000AB462E /* Assets.xcassets in Resources */,
			);
			runOnlyForDeploymentPostprocessing = 0;
		};
		92B2421F2AFBD4C000AB462E /* Resources */ = {
			isa = PBXResourcesBuildPhase;
			buildActionMask = 2147483647;
			files = (
			);
			runOnlyForDeploymentPostprocessing = 0;
		};
		92B242292AFBD4C000AB462E /* Resources */ = {
			isa = PBXResourcesBuildPhase;
			buildActionMask = 2147483647;
			files = (
			);
			runOnlyForDeploymentPostprocessing = 0;
		};
/* End PBXResourcesBuildPhase section */

/* Begin PBXSourcesBuildPhase section */
		92B242072AFBD4BD00AB462E /* Sources */ = {
			isa = PBXSourcesBuildPhase;
			buildActionMask = 2147483647;
			files = (
				9EC104442AFC51440045FAD6 /* LoggedOutInteractor.swift in Sources */,
				92B242612AFBE54500AB462E /* RootViewController.swift in Sources */,
				92B242602AFBE54500AB462E /* RootRouter.swift in Sources */,
				9EC104432AFC51440045FAD6 /* LoggedOutBuilder.swift in Sources */,
				9EC104462AFC522D0045FAD6 /* RootComponent+LoggedOut.swift in Sources */,
				92B242632AFBE54500AB462E /* RootInteractor.swift in Sources */,
				9EC104412AFC51440045FAD6 /* LoggedOutRouter.swift in Sources */,
				92B2420F2AFBD4BD00AB462E /* AppDelegate.swift in Sources */,
				92B2424F2AFBDC0500AB462E /* AppComponent.swift in Sources */,
				92B242112AFBD4BD00AB462E /* SceneDelegate.swift in Sources */,
				9EC104422AFC51440045FAD6 /* LoggedOutViewController.swift in Sources */,
				92B242622AFBE54500AB462E /* RootBuilder.swift in Sources */,
				9EC1044C2AFC5B010045FAD6 /* LoginTextManager.swift in Sources */,
			);
			runOnlyForDeploymentPostprocessing = 0;
		};
		92B2421D2AFBD4C000AB462E /* Sources */ = {
			isa = PBXSourcesBuildPhase;
			buildActionMask = 2147483647;
			files = (
				92B242262AFBD4C000AB462E /* MemoTests.swift in Sources */,
			);
			runOnlyForDeploymentPostprocessing = 0;
		};
		92B242272AFBD4C000AB462E /* Sources */ = {
			isa = PBXSourcesBuildPhase;
			buildActionMask = 2147483647;
			files = (
				92B242322AFBD4C000AB462E /* MemoUITestsLaunchTests.swift in Sources */,
				92B242302AFBD4C000AB462E /* MemoUITests.swift in Sources */,
			);
			runOnlyForDeploymentPostprocessing = 0;
		};
/* End PBXSourcesBuildPhase section */

/* Begin PBXTargetDependency section */
		92B242232AFBD4C000AB462E /* PBXTargetDependency */ = {
			isa = PBXTargetDependency;
			target = 92B2420A2AFBD4BD00AB462E /* Memo */;
			targetProxy = 92B242222AFBD4C000AB462E /* PBXContainerItemProxy */;
		};
		92B2422D2AFBD4C000AB462E /* PBXTargetDependency */ = {
			isa = PBXTargetDependency;
			target = 92B2420A2AFBD4BD00AB462E /* Memo */;
			targetProxy = 92B2422C2AFBD4C000AB462E /* PBXContainerItemProxy */;
		};
/* End PBXTargetDependency section */

/* Begin PBXVariantGroup section */
		92B242192AFBD4C000AB462E /* LaunchScreen.storyboard */ = {
			isa = PBXVariantGroup;
			children = (
				92B2421A2AFBD4C000AB462E /* Base */,
			);
			name = LaunchScreen.storyboard;
			sourceTree = "<group>";
		};
/* End PBXVariantGroup section */

/* Begin XCBuildConfiguration section */
		92B242332AFBD4C000AB462E /* Debug */ = {
			isa = XCBuildConfiguration;
			buildSettings = {
				ALWAYS_SEARCH_USER_PATHS = NO;
				ASSETCATALOG_COMPILER_GENERATE_SWIFT_ASSET_SYMBOL_EXTENSIONS = YES;
				CLANG_ANALYZER_NONNULL = YES;
				CLANG_ANALYZER_NUMBER_OBJECT_CONVERSION = YES_AGGRESSIVE;
				CLANG_CXX_LANGUAGE_STANDARD = "gnu++20";
				CLANG_ENABLE_MODULES = YES;
				CLANG_ENABLE_OBJC_ARC = YES;
				CLANG_ENABLE_OBJC_WEAK = YES;
				CLANG_WARN_BLOCK_CAPTURE_AUTORELEASING = YES;
				CLANG_WARN_BOOL_CONVERSION = YES;
				CLANG_WARN_COMMA = YES;
				CLANG_WARN_CONSTANT_CONVERSION = YES;
				CLANG_WARN_DEPRECATED_OBJC_IMPLEMENTATIONS = YES;
				CLANG_WARN_DIRECT_OBJC_ISA_USAGE = YES_ERROR;
				CLANG_WARN_DOCUMENTATION_COMMENTS = YES;
				CLANG_WARN_EMPTY_BODY = YES;
				CLANG_WARN_ENUM_CONVERSION = YES;
				CLANG_WARN_INFINITE_RECURSION = YES;
				CLANG_WARN_INT_CONVERSION = YES;
				CLANG_WARN_NON_LITERAL_NULL_CONVERSION = YES;
				CLANG_WARN_OBJC_IMPLICIT_RETAIN_SELF = YES;
				CLANG_WARN_OBJC_LITERAL_CONVERSION = YES;
				CLANG_WARN_OBJC_ROOT_CLASS = YES_ERROR;
				CLANG_WARN_QUOTED_INCLUDE_IN_FRAMEWORK_HEADER = YES;
				CLANG_WARN_RANGE_LOOP_ANALYSIS = YES;
				CLANG_WARN_STRICT_PROTOTYPES = YES;
				CLANG_WARN_SUSPICIOUS_MOVE = YES;
				CLANG_WARN_UNGUARDED_AVAILABILITY = YES_AGGRESSIVE;
				CLANG_WARN_UNREACHABLE_CODE = YES;
				CLANG_WARN__DUPLICATE_METHOD_MATCH = YES;
				COPY_PHASE_STRIP = NO;
				DEBUG_INFORMATION_FORMAT = dwarf;
				ENABLE_STRICT_OBJC_MSGSEND = YES;
				ENABLE_TESTABILITY = YES;
				ENABLE_USER_SCRIPT_SANDBOXING = YES;
				GCC_C_LANGUAGE_STANDARD = gnu17;
				GCC_DYNAMIC_NO_PIC = NO;
				GCC_NO_COMMON_BLOCKS = YES;
				GCC_OPTIMIZATION_LEVEL = 0;
				GCC_PREPROCESSOR_DEFINITIONS = (
					"DEBUG=1",
					"$(inherited)",
				);
				GCC_WARN_64_TO_32_BIT_CONVERSION = YES;
				GCC_WARN_ABOUT_RETURN_TYPE = YES_ERROR;
				GCC_WARN_UNDECLARED_SELECTOR = YES;
				GCC_WARN_UNINITIALIZED_AUTOS = YES_AGGRESSIVE;
				GCC_WARN_UNUSED_FUNCTION = YES;
				GCC_WARN_UNUSED_VARIABLE = YES;
				IPHONEOS_DEPLOYMENT_TARGET = 17.0;
				LOCALIZATION_PREFERS_STRING_CATALOGS = YES;
				MTL_ENABLE_DEBUG_INFO = INCLUDE_SOURCE;
				MTL_FAST_MATH = YES;
				ONLY_ACTIVE_ARCH = YES;
				SDKROOT = iphoneos;
				SWIFT_ACTIVE_COMPILATION_CONDITIONS = "DEBUG $(inherited)";
				SWIFT_OPTIMIZATION_LEVEL = "-Onone";
			};
			name = Debug;
		};
		92B242342AFBD4C000AB462E /* Release */ = {
			isa = XCBuildConfiguration;
			buildSettings = {
				ALWAYS_SEARCH_USER_PATHS = NO;
				ASSETCATALOG_COMPILER_GENERATE_SWIFT_ASSET_SYMBOL_EXTENSIONS = YES;
				CLANG_ANALYZER_NONNULL = YES;
				CLANG_ANALYZER_NUMBER_OBJECT_CONVERSION = YES_AGGRESSIVE;
				CLANG_CXX_LANGUAGE_STANDARD = "gnu++20";
				CLANG_ENABLE_MODULES = YES;
				CLANG_ENABLE_OBJC_ARC = YES;
				CLANG_ENABLE_OBJC_WEAK = YES;
				CLANG_WARN_BLOCK_CAPTURE_AUTORELEASING = YES;
				CLANG_WARN_BOOL_CONVERSION = YES;
				CLANG_WARN_COMMA = YES;
				CLANG_WARN_CONSTANT_CONVERSION = YES;
				CLANG_WARN_DEPRECATED_OBJC_IMPLEMENTATIONS = YES;
				CLANG_WARN_DIRECT_OBJC_ISA_USAGE = YES_ERROR;
				CLANG_WARN_DOCUMENTATION_COMMENTS = YES;
				CLANG_WARN_EMPTY_BODY = YES;
				CLANG_WARN_ENUM_CONVERSION = YES;
				CLANG_WARN_INFINITE_RECURSION = YES;
				CLANG_WARN_INT_CONVERSION = YES;
				CLANG_WARN_NON_LITERAL_NULL_CONVERSION = YES;
				CLANG_WARN_OBJC_IMPLICIT_RETAIN_SELF = YES;
				CLANG_WARN_OBJC_LITERAL_CONVERSION = YES;
				CLANG_WARN_OBJC_ROOT_CLASS = YES_ERROR;
				CLANG_WARN_QUOTED_INCLUDE_IN_FRAMEWORK_HEADER = YES;
				CLANG_WARN_RANGE_LOOP_ANALYSIS = YES;
				CLANG_WARN_STRICT_PROTOTYPES = YES;
				CLANG_WARN_SUSPICIOUS_MOVE = YES;
				CLANG_WARN_UNGUARDED_AVAILABILITY = YES_AGGRESSIVE;
				CLANG_WARN_UNREACHABLE_CODE = YES;
				CLANG_WARN__DUPLICATE_METHOD_MATCH = YES;
				COPY_PHASE_STRIP = NO;
				DEBUG_INFORMATION_FORMAT = "dwarf-with-dsym";
				ENABLE_NS_ASSERTIONS = NO;
				ENABLE_STRICT_OBJC_MSGSEND = YES;
				ENABLE_USER_SCRIPT_SANDBOXING = YES;
				GCC_C_LANGUAGE_STANDARD = gnu17;
				GCC_NO_COMMON_BLOCKS = YES;
				GCC_WARN_64_TO_32_BIT_CONVERSION = YES;
				GCC_WARN_ABOUT_RETURN_TYPE = YES_ERROR;
				GCC_WARN_UNDECLARED_SELECTOR = YES;
				GCC_WARN_UNINITIALIZED_AUTOS = YES_AGGRESSIVE;
				GCC_WARN_UNUSED_FUNCTION = YES;
				GCC_WARN_UNUSED_VARIABLE = YES;
				IPHONEOS_DEPLOYMENT_TARGET = 17.0;
				LOCALIZATION_PREFERS_STRING_CATALOGS = YES;
				MTL_ENABLE_DEBUG_INFO = NO;
				MTL_FAST_MATH = YES;
				SDKROOT = iphoneos;
				SWIFT_COMPILATION_MODE = wholemodule;
				VALIDATE_PRODUCT = YES;
			};
			name = Release;
		};
		92B242362AFBD4C000AB462E /* Debug */ = {
			isa = XCBuildConfiguration;
			buildSettings = {
				ASSETCATALOG_COMPILER_APPICON_NAME = AppIcon;
				ASSETCATALOG_COMPILER_GLOBAL_ACCENT_COLOR_NAME = AccentColor;
				CODE_SIGN_STYLE = Automatic;
				CURRENT_PROJECT_VERSION = 1;
				DEVELOPMENT_TEAM = PU64TS56AD;
				GENERATE_INFOPLIST_FILE = YES;
				INFOPLIST_FILE = Memo/Info.plist;
				INFOPLIST_KEY_UIApplicationSupportsIndirectInputEvents = YES;
				INFOPLIST_KEY_UILaunchStoryboardName = LaunchScreen;
				INFOPLIST_KEY_UISupportedInterfaceOrientations_iPad = "UIInterfaceOrientationPortrait UIInterfaceOrientationPortraitUpsideDown UIInterfaceOrientationLandscapeLeft UIInterfaceOrientationLandscapeRight";
				INFOPLIST_KEY_UISupportedInterfaceOrientations_iPhone = "UIInterfaceOrientationPortrait UIInterfaceOrientationLandscapeLeft UIInterfaceOrientationLandscapeRight";
				LD_RUNPATH_SEARCH_PATHS = (
					"$(inherited)",
					"@executable_path/Frameworks",
				);
				MARKETING_VERSION = 1.0;
				PRODUCT_BUNDLE_IDENTIFIER = com.soyeon.Memo;
				PRODUCT_NAME = "$(TARGET_NAME)";
				SWIFT_EMIT_LOC_STRINGS = YES;
				SWIFT_VERSION = 5.0;
				TARGETED_DEVICE_FAMILY = "1,2";
			};
			name = Debug;
		};
		92B242372AFBD4C000AB462E /* Release */ = {
			isa = XCBuildConfiguration;
			buildSettings = {
				ASSETCATALOG_COMPILER_APPICON_NAME = AppIcon;
				ASSETCATALOG_COMPILER_GLOBAL_ACCENT_COLOR_NAME = AccentColor;
				CODE_SIGN_STYLE = Automatic;
				CURRENT_PROJECT_VERSION = 1;
				DEVELOPMENT_TEAM = PU64TS56AD;
				GENERATE_INFOPLIST_FILE = YES;
				INFOPLIST_FILE = Memo/Info.plist;
				INFOPLIST_KEY_UIApplicationSupportsIndirectInputEvents = YES;
				INFOPLIST_KEY_UILaunchStoryboardName = LaunchScreen;
				INFOPLIST_KEY_UISupportedInterfaceOrientations_iPad = "UIInterfaceOrientationPortrait UIInterfaceOrientationPortraitUpsideDown UIInterfaceOrientationLandscapeLeft UIInterfaceOrientationLandscapeRight";
				INFOPLIST_KEY_UISupportedInterfaceOrientations_iPhone = "UIInterfaceOrientationPortrait UIInterfaceOrientationLandscapeLeft UIInterfaceOrientationLandscapeRight";
				LD_RUNPATH_SEARCH_PATHS = (
					"$(inherited)",
					"@executable_path/Frameworks",
				);
				MARKETING_VERSION = 1.0;
				PRODUCT_BUNDLE_IDENTIFIER = com.soyeon.Memo;
				PRODUCT_NAME = "$(TARGET_NAME)";
				SWIFT_EMIT_LOC_STRINGS = YES;
				SWIFT_VERSION = 5.0;
				TARGETED_DEVICE_FAMILY = "1,2";
			};
			name = Release;
		};
		92B242392AFBD4C000AB462E /* Debug */ = {
			isa = XCBuildConfiguration;
			buildSettings = {
				ALWAYS_EMBED_SWIFT_STANDARD_LIBRARIES = YES;
				BUNDLE_LOADER = "$(TEST_HOST)";
				CODE_SIGN_STYLE = Automatic;
				CURRENT_PROJECT_VERSION = 1;
				DEVELOPMENT_TEAM = PU64TS56AD;
				GENERATE_INFOPLIST_FILE = YES;
				IPHONEOS_DEPLOYMENT_TARGET = 17.0;
				MARKETING_VERSION = 1.0;
				PRODUCT_BUNDLE_IDENTIFIER = com.soyeon.MemoTests;
				PRODUCT_NAME = "$(TARGET_NAME)";
				SWIFT_EMIT_LOC_STRINGS = NO;
				SWIFT_VERSION = 5.0;
				TARGETED_DEVICE_FAMILY = "1,2";
				TEST_HOST = "$(BUILT_PRODUCTS_DIR)/Memo.app/$(BUNDLE_EXECUTABLE_FOLDER_PATH)/Memo";
			};
			name = Debug;
		};
		92B2423A2AFBD4C000AB462E /* Release */ = {
			isa = XCBuildConfiguration;
			buildSettings = {
				ALWAYS_EMBED_SWIFT_STANDARD_LIBRARIES = YES;
				BUNDLE_LOADER = "$(TEST_HOST)";
				CODE_SIGN_STYLE = Automatic;
				CURRENT_PROJECT_VERSION = 1;
				DEVELOPMENT_TEAM = PU64TS56AD;
				GENERATE_INFOPLIST_FILE = YES;
				IPHONEOS_DEPLOYMENT_TARGET = 17.0;
				MARKETING_VERSION = 1.0;
				PRODUCT_BUNDLE_IDENTIFIER = com.soyeon.MemoTests;
				PRODUCT_NAME = "$(TARGET_NAME)";
				SWIFT_EMIT_LOC_STRINGS = NO;
				SWIFT_VERSION = 5.0;
				TARGETED_DEVICE_FAMILY = "1,2";
				TEST_HOST = "$(BUILT_PRODUCTS_DIR)/Memo.app/$(BUNDLE_EXECUTABLE_FOLDER_PATH)/Memo";
			};
			name = Release;
		};
		92B2423C2AFBD4C000AB462E /* Debug */ = {
			isa = XCBuildConfiguration;
			buildSettings = {
				ALWAYS_EMBED_SWIFT_STANDARD_LIBRARIES = YES;
				CODE_SIGN_STYLE = Automatic;
				CURRENT_PROJECT_VERSION = 1;
				DEVELOPMENT_TEAM = PU64TS56AD;
				GENERATE_INFOPLIST_FILE = YES;
				MARKETING_VERSION = 1.0;
				PRODUCT_BUNDLE_IDENTIFIER = com.soyeon.MemoUITests;
				PRODUCT_NAME = "$(TARGET_NAME)";
				SWIFT_EMIT_LOC_STRINGS = NO;
				SWIFT_VERSION = 5.0;
				TARGETED_DEVICE_FAMILY = "1,2";
				TEST_TARGET_NAME = Memo;
			};
			name = Debug;
		};
		92B2423D2AFBD4C000AB462E /* Release */ = {
			isa = XCBuildConfiguration;
			buildSettings = {
				ALWAYS_EMBED_SWIFT_STANDARD_LIBRARIES = YES;
				CODE_SIGN_STYLE = Automatic;
				CURRENT_PROJECT_VERSION = 1;
				DEVELOPMENT_TEAM = PU64TS56AD;
				GENERATE_INFOPLIST_FILE = YES;
				MARKETING_VERSION = 1.0;
				PRODUCT_BUNDLE_IDENTIFIER = com.soyeon.MemoUITests;
				PRODUCT_NAME = "$(TARGET_NAME)";
				SWIFT_EMIT_LOC_STRINGS = NO;
				SWIFT_VERSION = 5.0;
				TARGETED_DEVICE_FAMILY = "1,2";
				TEST_TARGET_NAME = Memo;
			};
			name = Release;
		};
/* End XCBuildConfiguration section */

/* Begin XCConfigurationList section */
		92B242062AFBD4BD00AB462E /* Build configuration list for PBXProject "Memo" */ = {
			isa = XCConfigurationList;
			buildConfigurations = (
				92B242332AFBD4C000AB462E /* Debug */,
				92B242342AFBD4C000AB462E /* Release */,
			);
			defaultConfigurationIsVisible = 0;
			defaultConfigurationName = Release;
		};
		92B242352AFBD4C000AB462E /* Build configuration list for PBXNativeTarget "Memo" */ = {
			isa = XCConfigurationList;
			buildConfigurations = (
				92B242362AFBD4C000AB462E /* Debug */,
				92B242372AFBD4C000AB462E /* Release */,
			);
			defaultConfigurationIsVisible = 0;
			defaultConfigurationName = Release;
		};
		92B242382AFBD4C000AB462E /* Build configuration list for PBXNativeTarget "MemoTests" */ = {
			isa = XCConfigurationList;
			buildConfigurations = (
				92B242392AFBD4C000AB462E /* Debug */,
				92B2423A2AFBD4C000AB462E /* Release */,
			);
			defaultConfigurationIsVisible = 0;
			defaultConfigurationName = Release;
		};
		92B2423B2AFBD4C000AB462E /* Build configuration list for PBXNativeTarget "MemoUITests" */ = {
			isa = XCConfigurationList;
			buildConfigurations = (
				92B2423C2AFBD4C000AB462E /* Debug */,
				92B2423D2AFBD4C000AB462E /* Release */,
			);
			defaultConfigurationIsVisible = 0;
			defaultConfigurationName = Release;
		};
/* End XCConfigurationList section */

/* Begin XCRemoteSwiftPackageReference section */
		92B2423F2AFBD4FD00AB462E /* XCRemoteSwiftPackageReference "SnapKit" */ = {
			isa = XCRemoteSwiftPackageReference;
			repositoryURL = "https://github.com/SnapKit/SnapKit.git";
			requirement = {
				kind = upToNextMajorVersion;
				minimumVersion = 5.6.0;
			};
		};
		92B242422AFBD52700AB462E /* XCRemoteSwiftPackageReference "RIBs" */ = {
			isa = XCRemoteSwiftPackageReference;
			repositoryURL = "https://github.com/uber/RIBs.git";
			requirement = {
				kind = upToNextMajorVersion;
				minimumVersion = 0.9.2;
			};
		};
		9EC104472AFC5ABC0045FAD6 /* XCRemoteSwiftPackageReference "RxSwift" */ = {
			isa = XCRemoteSwiftPackageReference;
			repositoryURL = "https://github.com/ReactiveX/RxSwift.git";
			requirement = {
				kind = upToNextMajorVersion;
				minimumVersion = 6.6.0;
			};
		};
/* End XCRemoteSwiftPackageReference section */

/* Begin XCSwiftPackageProductDependency section */
		92B242402AFBD4FD00AB462E /* SnapKit */ = {
			isa = XCSwiftPackageProductDependency;
			package = 92B2423F2AFBD4FD00AB462E /* XCRemoteSwiftPackageReference "SnapKit" */;
			productName = SnapKit;
		};
		92B242432AFBD52700AB462E /* RIBs */ = {
			isa = XCSwiftPackageProductDependency;
			package = 92B242422AFBD52700AB462E /* XCRemoteSwiftPackageReference "RIBs" */;
			productName = RIBs;
		};
		9EC104482AFC5ABC0045FAD6 /* RxCocoa */ = {
			isa = XCSwiftPackageProductDependency;
			package = 9EC104472AFC5ABC0045FAD6 /* XCRemoteSwiftPackageReference "RxSwift" */;
			productName = RxCocoa;
		};
/* End XCSwiftPackageProductDependency section */
	};
	rootObject = 92B242032AFBD4BD00AB462E /* Project object */;
}
